
Microsoft Visual Studio Solution File, Format Version 12.00
# Visual Studio Version 17
VisualStudioVersion = 17.11.35303.130
MinimumVisualStudioVersion = 10.0.40219.1
Project("{FAE04EC0-301F-11D3-BF4B-00C04F79EFBC}") = "SolodLibrary", "SolodLibrary\SolodLibrary.csproj", "{1E617C33-211F-4DE9-AD16-785DA86B57B7}"
EndProject
Global
	GlobalSection(SolutionConfigurationPlatforms) = preSolution
		Debug|Any CPU = Debug|Any CPU
		Release|Any CPU = Release|Any CPU
	EndGlobalSection
	GlobalSection(ProjectConfigurationPlatforms) = postSolution
		{1E617C33-211F-4DE9-AD16-785DA86B57B7}.Debug|Any CPU.ActiveCfg = Debug|Any CPU
		{1E617C33-211F-4DE9-AD16-785DA86B57B7}.Debug|Any CPU.Build.0 = Debug|Any CPU
		{1E617C33-211F-4DE9-AD16-785DA86B57B7}.Release|Any CPU.ActiveCfg = Release|Any CPU
		{1E617C33-211F-4DE9-AD16-785DA86B57B7}.Release|Any CPU.Build.0 = Release|Any CPU
	EndGlobalSection
	GlobalSection(SolutionProperties) = preSolution
		HideSolutionNode = FALSE
	EndGlobalSection
	GlobalSection(ExtensibilityGlobals) = postSolution
		SolutionGuid = {F6170F58-8CB9-4B14-9D7C-730586E1FF69}
	EndGlobalSection
EndGlobal
